
Microsoft Visual Studio Solution File, Format Version 12.00
# Visual Studio Version 17
VisualStudioVersion = 17.6.33815.320
MinimumVisualStudioVersion = 10.0.40219.1
Project("{FAE04EC0-301F-11D3-BF4B-00C04F79EFBC}") = "EmployeeManager", "EmployeeManager\EmployeeManager.csproj", "{51C915D5-77DE-40C3-A08A-E04A3F9C6395}"
EndProject
Global
	GlobalSection(SolutionConfigurationPlatforms) = preSolution
		Debug|Any CPU = Debug|Any CPU
		Release|Any CPU = Release|Any CPU
	EndGlobalSection
	GlobalSection(ProjectConfigurationPlatforms) = postSolution
		{51C915D5-77DE-40C3-A08A-E04A3F9C6395}.Debug|Any CPU.ActiveCfg = Debug|Any CPU
		{51C915D5-77DE-40C3-A08A-E04A3F9C6395}.Debug|Any CPU.Build.0 = Debug|Any CPU
		{51C915D5-77DE-40C3-A08A-E04A3F9C6395}.Release|Any CPU.ActiveCfg = Release|Any CPU
		{51C915D5-77DE-40C3-A08A-E04A3F9C6395}.Release|Any CPU.Build.0 = Release|Any CPU
	EndGlobalSection
	GlobalSection(SolutionProperties) = preSolution
		HideSolutionNode = FALSE
	EndGlobalSection
	GlobalSection(ExtensibilityGlobals) = postSolution
		SolutionGuid = {1CF6F819-96A1-4416-9E67-73E1CA788793}
	EndGlobalSection
EndGlobal
